
Microsoft Visual Studio Solution File, Format Version 12.00
# Visual Studio Version 16
VisualStudioVersion = 16.0.28922.388
MinimumVisualStudioVersion = 10.0.40219.1
Project("{8BC9CEB8-8B4A-11D0-8D11-00A0C91BC942}") = "NewDriversLicense", "NewDriversLicense\NewDriversLicense.vcxproj", "{08ED874B-8E7A-4BDD-AF45-F21ACEA5BE2A}"
EndProject
Project("{8BC9CEB8-8B4A-11D0-8D11-00A0C91BC942}") = "NewDriversLicenseTEST", "NewDriversLicenseTEST\NewDriversLicenseTEST.vcxproj", "{C0969321-05D3-454A-B343-6DFBBFC41164}"
EndProject
Global
	GlobalSection(SolutionConfigurationPlatforms) = preSolution
		Debug|x64 = Debug|x64
		Debug|x86 = Debug|x86
		Release|x64 = Release|x64
		Release|x86 = Release|x86
	EndGlobalSection
	GlobalSection(ProjectConfigurationPlatforms) = postSolution
		{08ED874B-8E7A-4BDD-AF45-F21ACEA5BE2A}.Debug|x64.ActiveCfg = Debug|x64
		{08ED874B-8E7A-4BDD-AF45-F21ACEA5BE2A}.Debug|x64.Build.0 = Debug|x64
		{08ED874B-8E7A-4BDD-AF45-F21ACEA5BE2A}.Debug|x86.ActiveCfg = Debug|Win32
		{08ED874B-8E7A-4BDD-AF45-F21ACEA5BE2A}.Debug|x86.Build.0 = Debug|Win32
		{08ED874B-8E7A-4BDD-AF45-F21ACEA5BE2A}.Release|x64.ActiveCfg = Release|x64
		{08ED874B-8E7A-4BDD-AF45-F21ACEA5BE2A}.Release|x64.Build.0 = Release|x64
		{08ED874B-8E7A-4BDD-AF45-F21ACEA5BE2A}.Release|x86.ActiveCfg = Release|Win32
		{08ED874B-8E7A-4BDD-AF45-F21ACEA5BE2A}.Release|x86.Build.0 = Release|Win32
		{C0969321-05D3-454A-B343-6DFBBFC41164}.Debug|x64.ActiveCfg = Debug|x64
		{C0969321-05D3-454A-B343-6DFBBFC41164}.Debug|x64.Build.0 = Debug|x64
		{C0969321-05D3-454A-B343-6DFBBFC41164}.Debug|x86.ActiveCfg = Debug|Win32
		{C0969321-05D3-454A-B343-6DFBBFC41164}.Debug|x86.Build.0 = Debug|Win32
		{C0969321-05D3-454A-B343-6DFBBFC41164}.Release|x64.ActiveCfg = Release|x64
		{C0969321-05D3-454A-B343-6DFBBFC41164}.Release|x64.Build.0 = Release|x64
		{C0969321-05D3-454A-B343-6DFBBFC41164}.Release|x86.ActiveCfg = Release|Win32
		{C0969321-05D3-454A-B343-6DFBBFC41164}.Release|x86.Build.0 = Release|Win32
	EndGlobalSection
	GlobalSection(SolutionProperties) = preSolution
		HideSolutionNode = FALSE
	EndGlobalSection
	GlobalSection(ExtensibilityGlobals) = postSolution
		SolutionGuid = {DAA6BAD8-83AE-4CB2-BE9C-A85B6202084A}
	EndGlobalSection
EndGlobal
